
Microsoft Visual Studio Solution File, Format Version 12.00
# Visual Studio Version 16
VisualStudioVersion = 16.0.31605.320
MinimumVisualStudioVersion = 10.0.40219.1
Project("{9A19103F-16F7-4668-BE54-9A1E7A4F7556}") = "UserSampleApi", "UserSampleApi\UserSampleApi.csproj", "{AD982D3A-A233-4CA9-8F86-340624B2D93E}"
EndProject
Global
	GlobalSection(SolutionConfigurationPlatforms) = preSolution
		Debug|Any CPU = Debug|Any CPU
		Release|Any CPU = Release|Any CPU
	EndGlobalSection
	GlobalSection(ProjectConfigurationPlatforms) = postSolution
		{AD982D3A-A233-4CA9-8F86-340624B2D93E}.Debug|Any CPU.ActiveCfg = Debug|Any CPU
		{AD982D3A-A233-4CA9-8F86-340624B2D93E}.Debug|Any CPU.Build.0 = Debug|Any CPU
		{AD982D3A-A233-4CA9-8F86-340624B2D93E}.Release|Any CPU.ActiveCfg = Release|Any CPU
		{AD982D3A-A233-4CA9-8F86-340624B2D93E}.Release|Any CPU.Build.0 = Release|Any CPU
	EndGlobalSection
	GlobalSection(SolutionProperties) = preSolution
		HideSolutionNode = FALSE
	EndGlobalSection
	GlobalSection(ExtensibilityGlobals) = postSolution
		SolutionGuid = {5D87BD3B-8069-4930-901C-CF749538A230}
	EndGlobalSection
EndGlobal
